
Microsoft Visual Studio Solution File, Format Version 12.00
# Visual Studio Version 16
VisualStudioVersion = 16.0.29709.97
MinimumVisualStudioVersion = 10.0.40219.1
Project("{9A19103F-16F7-4668-BE54-9A1E7A4F7556}") = "WebApplication1", "WebApplication1\WebApplication1.csproj", "{10694685-0D37-4FEA-9E9A-93ACF00C7B45}"
EndProject
Project("{2150E333-8FDC-42A3-9474-1A3956D46DE8}") = "Ch18", "Ch18", "{D3F506F4-5431-4506-A129-7A56B44EC5F8}"
EndProject
Project("{2150E333-8FDC-42A3-9474-1A3956D46DE8}") = "Ch02", "Ch02", "{0FCC3787-E8CF-463C-849E-D0A534C14975}"
EndProject
Project("{FAE04EC0-301F-11D3-BF4B-00C04F79EFBC}") = "EmptyExample", "EmptyExample\EmptyExample.csproj", "{D5C2B928-9F46-46CC-8F51-0DD81FE8E8E2}"
EndProject
Project("{FAE04EC0-301F-11D3-BF4B-00C04F79EFBC}") = "KestrelWithHttps", "KestrelWithHttps\KestrelWithHttps.csproj", "{CA42A66E-A38D-4E46-BB38-E11F84452F6F}"
EndProject
Global
	GlobalSection(SolutionConfigurationPlatforms) = preSolution
		Debug|Any CPU = Debug|Any CPU
		Release|Any CPU = Release|Any CPU
	EndGlobalSection
	GlobalSection(ProjectConfigurationPlatforms) = postSolution
		{10694685-0D37-4FEA-9E9A-93ACF00C7B45}.Debug|Any CPU.ActiveCfg = Debug|Any CPU
		{10694685-0D37-4FEA-9E9A-93ACF00C7B45}.Debug|Any CPU.Build.0 = Debug|Any CPU
		{10694685-0D37-4FEA-9E9A-93ACF00C7B45}.Release|Any CPU.ActiveCfg = Release|Any CPU
		{10694685-0D37-4FEA-9E9A-93ACF00C7B45}.Release|Any CPU.Build.0 = Release|Any CPU
		{D5C2B928-9F46-46CC-8F51-0DD81FE8E8E2}.Debug|Any CPU.ActiveCfg = Debug|Any CPU
		{D5C2B928-9F46-46CC-8F51-0DD81FE8E8E2}.Debug|Any CPU.Build.0 = Debug|Any CPU
		{D5C2B928-9F46-46CC-8F51-0DD81FE8E8E2}.Release|Any CPU.ActiveCfg = Release|Any CPU
		{D5C2B928-9F46-46CC-8F51-0DD81FE8E8E2}.Release|Any CPU.Build.0 = Release|Any CPU
		{CA42A66E-A38D-4E46-BB38-E11F84452F6F}.Debug|Any CPU.ActiveCfg = Debug|Any CPU
		{CA42A66E-A38D-4E46-BB38-E11F84452F6F}.Debug|Any CPU.Build.0 = Debug|Any CPU
		{CA42A66E-A38D-4E46-BB38-E11F84452F6F}.Release|Any CPU.ActiveCfg = Release|Any CPU
		{CA42A66E-A38D-4E46-BB38-E11F84452F6F}.Release|Any CPU.Build.0 = Release|Any CPU
	EndGlobalSection
	GlobalSection(SolutionProperties) = preSolution
		HideSolutionNode = FALSE
	EndGlobalSection
	GlobalSection(NestedProjects) = preSolution
		{10694685-0D37-4FEA-9E9A-93ACF00C7B45} = {0FCC3787-E8CF-463C-849E-D0A534C14975}
		{D5C2B928-9F46-46CC-8F51-0DD81FE8E8E2} = {D3F506F4-5431-4506-A129-7A56B44EC5F8}
		{CA42A66E-A38D-4E46-BB38-E11F84452F6F} = {D3F506F4-5431-4506-A129-7A56B44EC5F8}
	EndGlobalSection
	GlobalSection(ExtensibilityGlobals) = postSolution
		SolutionGuid = {CAD9427F-B5A2-4038-948C-3D9D7B22366E}
	EndGlobalSection
EndGlobal
